
Microsoft Visual Studio Solution File, Format Version 12.00
# Visual Studio Version 17
VisualStudioVersion = 17.11.35208.52
MinimumVisualStudioVersion = 10.0.40219.1
Project("{FAE04EC0-301F-11D3-BF4B-00C04F79EFBC}") = "C-3_replay_Basic-2", "C-3_replay\C-3_replay_Basic-2.csproj", "{0DBFE431-9A17-4786-8F85-83F91BD6CCDC}"
EndProject
Global
	GlobalSection(SolutionConfigurationPlatforms) = preSolution
		Debug|Any CPU = Debug|Any CPU
		Release|Any CPU = Release|Any CPU
	EndGlobalSection
	GlobalSection(ProjectConfigurationPlatforms) = postSolution
		{0DBFE431-9A17-4786-8F85-83F91BD6CCDC}.Debug|Any CPU.ActiveCfg = Debug|Any CPU
		{0DBFE431-9A17-4786-8F85-83F91BD6CCDC}.Debug|Any CPU.Build.0 = Debug|Any CPU
		{0DBFE431-9A17-4786-8F85-83F91BD6CCDC}.Release|Any CPU.ActiveCfg = Release|Any CPU
		{0DBFE431-9A17-4786-8F85-83F91BD6CCDC}.Release|Any CPU.Build.0 = Release|Any CPU
	EndGlobalSection
	GlobalSection(SolutionProperties) = preSolution
		HideSolutionNode = FALSE
	EndGlobalSection
	GlobalSection(ExtensibilityGlobals) = postSolution
		SolutionGuid = {23965CF7-4742-46AD-8707-75AF0DFF7F55}
	EndGlobalSection
EndGlobal
